
Microsoft Visual Studio Solution File, Format Version 12.00
# Visual Studio Version 17
VisualStudioVersion = 17.3.32922.545
MinimumVisualStudioVersion = 10.0.40219.1
Project("{FAE04EC0-301F-11D3-BF4B-00C04F79EFBC}") = "Project1", "Project1\Project1.csproj", "{A2B67C5C-CF2F-40C7-90E4-F473D8B56AE3}"
EndProject
Global
	GlobalSection(SolutionConfigurationPlatforms) = preSolution
		Debug|Any CPU = Debug|Any CPU
		Release|Any CPU = Release|Any CPU
	EndGlobalSection
	GlobalSection(ProjectConfigurationPlatforms) = postSolution
		{A2B67C5C-CF2F-40C7-90E4-F473D8B56AE3}.Debug|Any CPU.ActiveCfg = Debug|Any CPU
		{A2B67C5C-CF2F-40C7-90E4-F473D8B56AE3}.Debug|Any CPU.Build.0 = Debug|Any CPU
		{A2B67C5C-CF2F-40C7-90E4-F473D8B56AE3}.Release|Any CPU.ActiveCfg = Release|Any CPU
		{A2B67C5C-CF2F-40C7-90E4-F473D8B56AE3}.Release|Any CPU.Build.0 = Release|Any CPU
	EndGlobalSection
	GlobalSection(SolutionProperties) = preSolution
		HideSolutionNode = FALSE
	EndGlobalSection
	GlobalSection(ExtensibilityGlobals) = postSolution
		SolutionGuid = {21C27A72-1281-448D-8762-E35A1F4BF52C}
	EndGlobalSection
EndGlobal
